
Microsoft Visual Studio Solution File, Format Version 12.00
# Visual Studio 15
Project("{FAE04EC0-301F-11D3-BF4B-00C04F79EFBC}") = "Assembly-CSharp", "Assembly-CSharp.csproj", "{80B006A4-EA6D-E2B9-3826-F9FF99BB6ADB}"
EndProject
Global
	GlobalSection(SolutionConfigurationPlatforms) = preSolution
		Debug|Any CPU = Debug|Any CPU
		Release|Any CPU = Release|Any CPU
	EndGlobalSection
	GlobalSection(ProjectConfigurationPlatforms) = postSolution
		{80B006A4-EA6D-E2B9-3826-F9FF99BB6ADB}.Debug|Any CPU.ActiveCfg = Debug|Any CPU
		{80B006A4-EA6D-E2B9-3826-F9FF99BB6ADB}.Debug|Any CPU.Build.0 = Debug|Any CPU
		{80B006A4-EA6D-E2B9-3826-F9FF99BB6ADB}.Release|Any CPU.ActiveCfg = Release|Any CPU
		{80B006A4-EA6D-E2B9-3826-F9FF99BB6ADB}.Release|Any CPU.Build.0 = Release|Any CPU
	EndGlobalSection
	GlobalSection(SolutionProperties) = preSolution
		HideSolutionNode = FALSE
	EndGlobalSection
EndGlobal
